
Microsoft Visual Studio Solution File, Format Version 12.00
# Visual Studio 15
VisualStudioVersion = 15.0.27004.2006
MinimumVisualStudioVersion = 10.0.40219.1
Project("{FAE04EC0-301F-11D3-BF4B-00C04F79EFBC}") = "ChainOfRespLoggerHandler", "ChainOfRespLoggerHandler\ChainOfRespLoggerHandler.csproj", "{80F2A6F8-4892-450E-981D-E20AF5316610}"
EndProject
Global
	GlobalSection(SolutionConfigurationPlatforms) = preSolution
		Debug|Any CPU = Debug|Any CPU
		Release|Any CPU = Release|Any CPU
	EndGlobalSection
	GlobalSection(ProjectConfigurationPlatforms) = postSolution
		{80F2A6F8-4892-450E-981D-E20AF5316610}.Debug|Any CPU.ActiveCfg = Debug|Any CPU
		{80F2A6F8-4892-450E-981D-E20AF5316610}.Debug|Any CPU.Build.0 = Debug|Any CPU
		{80F2A6F8-4892-450E-981D-E20AF5316610}.Release|Any CPU.ActiveCfg = Release|Any CPU
		{80F2A6F8-4892-450E-981D-E20AF5316610}.Release|Any CPU.Build.0 = Release|Any CPU
	EndGlobalSection
	GlobalSection(SolutionProperties) = preSolution
		HideSolutionNode = FALSE
	EndGlobalSection
	GlobalSection(ExtensibilityGlobals) = postSolution
		SolutionGuid = {585AB7BE-E0EA-4829-A71C-E36090E27100}
	EndGlobalSection
EndGlobal
